
Microsoft Visual Studio Solution File, Format Version 12.00
Project("{FAE04EC0-301F-11D3-BF4B-00C04F79EFBC}") = "Lab1", "Lab1\Lab1.csproj", "{36BD815E-9F5D-4232-AEFB-BE81D056136F}"
EndProject
Global
	GlobalSection(SolutionConfigurationPlatforms) = preSolution
		Debug|Any CPU = Debug|Any CPU
		Release|Any CPU = Release|Any CPU
	EndGlobalSection
	GlobalSection(ProjectConfigurationPlatforms) = postSolution
		{36BD815E-9F5D-4232-AEFB-BE81D056136F}.Debug|Any CPU.ActiveCfg = Debug|Any CPU
		{36BD815E-9F5D-4232-AEFB-BE81D056136F}.Debug|Any CPU.Build.0 = Debug|Any CPU
		{36BD815E-9F5D-4232-AEFB-BE81D056136F}.Release|Any CPU.ActiveCfg = Release|Any CPU
		{36BD815E-9F5D-4232-AEFB-BE81D056136F}.Release|Any CPU.Build.0 = Release|Any CPU
	EndGlobalSection
EndGlobal
